
Microsoft Visual Studio Solution File, Format Version 12.00
# Visual Studio Version 16
VisualStudioVersion = 16.0.29613.14
MinimumVisualStudioVersion = 10.0.40219.1
Project("{FAE04EC0-301F-11D3-BF4B-00C04F79EFBC}") = "TheGame", "TheGame\TheGame.csproj", "{1623EB3D-87AD-41C8-A0A2-AE8536D4B3CD}"
EndProject
Global
	GlobalSection(SolutionConfigurationPlatforms) = preSolution
		Debug|Any CPU = Debug|Any CPU
		Release|Any CPU = Release|Any CPU
	EndGlobalSection
	GlobalSection(ProjectConfigurationPlatforms) = postSolution
		{1623EB3D-87AD-41C8-A0A2-AE8536D4B3CD}.Debug|Any CPU.ActiveCfg = Debug|Any CPU
		{1623EB3D-87AD-41C8-A0A2-AE8536D4B3CD}.Debug|Any CPU.Build.0 = Debug|Any CPU
		{1623EB3D-87AD-41C8-A0A2-AE8536D4B3CD}.Release|Any CPU.ActiveCfg = Release|Any CPU
		{1623EB3D-87AD-41C8-A0A2-AE8536D4B3CD}.Release|Any CPU.Build.0 = Release|Any CPU
	EndGlobalSection
	GlobalSection(SolutionProperties) = preSolution
		HideSolutionNode = FALSE
	EndGlobalSection
	GlobalSection(ExtensibilityGlobals) = postSolution
		SolutionGuid = {76CA3139-456F-4D53-84B7-9AE80FBF8A34}
	EndGlobalSection
EndGlobal
